// !$*UTF8*$!
{
	archiveVersion = 1;
	classes = {
	};
	objectVersion = 50;
	objects = {

/* Begin PBXBuildFile section */
		0210A0BBF33C65581612CCFA /* libPods-Green.a in Frameworks */ = {isa = PBXBuildFile; fileRef = 0B38F2C1CDA2B5993F76A776 /* libPods-Green.a */; settings = {ATTRIBUTES = (Required, ); }; };
		5616F72B229FD07100F51217 /* AppDelegate.m in Sources */ = {isa = PBXBuildFile; fileRef = 5616F72A229FD07100F51217 /* AppDelegate.m */; };
		5616F731229FD07100F51217 /* Main.storyboard in Resources */ = {isa = PBXBuildFile; fileRef = 5616F72F229FD07100F51217 /* Main.storyboard */; };
		5616F733229FD07400F51217 /* Assets.xcassets in Resources */ = {isa = PBXBuildFile; fileRef = 5616F732229FD07400F51217 /* Assets.xcassets */; };
		5616F736229FD07400F51217 /* LaunchScreen.storyboard in Resources */ = {isa = PBXBuildFile; fileRef = 5616F734229FD07400F51217 /* LaunchScreen.storyboard */; };
		5616F739229FD07400F51217 /* main.m in Sources */ = {isa = PBXBuildFile; fileRef = 5616F738229FD07400F51217 /* main.m */; };
/* End PBXBuildFile section */

/* Begin PBXContainerItemProxy section */
		5616F73F229FD07400F51217 /* PBXContainerItemProxy */ = {
			isa = PBXContainerItemProxy;
			containerPortal = 5616F71E229FD07100F51217 /* Project object */;
			proxyType = 1;
			remoteGlobalIDString = 5616F725229FD07100F51217;
			remoteInfo = Live;
		};
		5616F74A229FD07400F51217 /* PBXContainerItemProxy */ = {
			isa = PBXContainerItemProxy;
			containerPortal = 5616F71E229FD07100F51217 /* Project object */;
			proxyType = 1;
			remoteGlobalIDString = 5616F725229FD07100F51217;
			remoteInfo = Live;
		};
/* End PBXContainerItemProxy section */

/* Begin PBXFileReference section */
		0B38F2C1CDA2B5993F76A776 /* libPods-Green.a */ = {isa = PBXFileReference; explicitFileType = archive.ar; includeInIndex = 0; path = "libPods-Green.a"; sourceTree = BUILT_PRODUCTS_DIR; };
		18E8664729C56FB4D46B8971 /* Pods-Green.debug.xcconfig */ = {isa = PBXFileReference; includeInIndex = 1; lastKnownFileType = text.xcconfig; name = "Pods-Green.debug.xcconfig"; path = "Target Support Files/Pods-Green/Pods-Green.debug.xcconfig"; sourceTree = "<group>"; };
		5616F726229FD07100F51217 /* Green.app */ = {isa = PBXFileReference; explicitFileType = wrapper.application; includeInIndex = 0; path = Green.app; sourceTree = BUILT_PRODUCTS_DIR; };
		5616F729229FD07100F51217 /* AppDelegate.h */ = {isa = PBXFileReference; lastKnownFileType = sourcecode.c.h; path = AppDelegate.h; sourceTree = "<group>"; };
		5616F72A229FD07100F51217 /* AppDelegate.m */ = {isa = PBXFileReference; lastKnownFileType = sourcecode.c.objc; path = AppDelegate.m; sourceTree = "<group>"; };
		5616F730229FD07100F51217 /* Base */ = {isa = PBXFileReference; lastKnownFileType = file.storyboard; name = Base; path = Base.lproj/Main.storyboard; sourceTree = "<group>"; };
		5616F732229FD07400F51217 /* Assets.xcassets */ = {isa = PBXFileReference; lastKnownFileType = folder.assetcatalog; path = Assets.xcassets; sourceTree = "<group>"; };
		5616F735229FD07400F51217 /* Base */ = {isa = PBXFileReference; lastKnownFileType = file.storyboard; name = Base; path = Base.lproj/LaunchScreen.storyboard; sourceTree = "<group>"; };
		5616F737229FD07400F51217 /* Info.plist */ = {isa = PBXFileReference; lastKnownFileType = text.plist.xml; path = Info.plist; sourceTree = "<group>"; };
		5616F738229FD07400F51217 /* main.m */ = {isa = PBXFileReference; lastKnownFileType = sourcecode.c.objc; path = main.m; sourceTree = "<group>"; };
		5616F73E229FD07400F51217 /* GreenTests.xctest */ = {isa = PBXFileReference; explicitFileType = wrapper.cfbundle; includeInIndex = 0; path = GreenTests.xctest; sourceTree = BUILT_PRODUCTS_DIR; };
		5616F749229FD07400F51217 /* GreenUITests.xctest */ = {isa = PBXFileReference; explicitFileType = wrapper.cfbundle; includeInIndex = 0; path = GreenUITests.xctest; sourceTree = BUILT_PRODUCTS_DIR; };
		62810F686CB5E938C29BFA56 /* Pods-Green.release.xcconfig */ = {isa = PBXFileReference; includeInIndex = 1; lastKnownFileType = text.xcconfig; name = "Pods-Green.release.xcconfig"; path = "Target Support Files/Pods-Green/Pods-Green.release.xcconfig"; sourceTree = "<group>"; };
		7B97352EA660CF65F698183A /* Pods-Live.debug.xcconfig */ = {isa = PBXFileReference; includeInIndex = 1; lastKnownFileType = text.xcconfig; name = "Pods-Live.debug.xcconfig"; path = "Target Support Files/Pods-Live/Pods-Live.debug.xcconfig"; sourceTree = "<group>"; };
		F01AAA413EDC45D25C448162 /* Pods-Live.release.xcconfig */ = {isa = PBXFileReference; includeInIndex = 1; lastKnownFileType = text.xcconfig; name = "Pods-Live.release.xcconfig"; path = "Target Support Files/Pods-Live/Pods-Live.release.xcconfig"; sourceTree = "<group>"; };
/* End PBXFileReference section */

/* Begin PBXFrameworksBuildPhase section */
		5616F723229FD07100F51217 /* Frameworks */ = {
			isa = PBXFrameworksBuildPhase;
			buildActionMask = 2147483647;
			files = (
				0210A0BBF33C65581612CCFA /* libPods-Green.a in Frameworks */,
			);
			runOnlyForDeploymentPostprocessing = 0;
		};
		5616F73B229FD07400F51217 /* Frameworks */ = {
			isa = PBXFrameworksBuildPhase;
			buildActionMask = 2147483647;
			files = (
			);
			runOnlyForDeploymentPostprocessing = 0;
		};
		5616F746229FD07400F51217 /* Frameworks */ = {
			isa = PBXFrameworksBuildPhase;
			buildActionMask = 2147483647;
			files = (
			);
			runOnlyForDeploymentPostprocessing = 0;
		};
/* End PBXFrameworksBuildPhase section */

/* Begin PBXGroup section */
		5616F71D229FD07100F51217 = {
			isa = PBXGroup;
			children = (
				5616F728229FD07100F51217 /* Green */,
				5616F727229FD07100F51217 /* Products */,
				999170744741811C17298BB5 /* Pods */,
				B1300FFD953A1F2F64D361BC /* Frameworks */,
			);
			sourceTree = "<group>";
		};
		5616F727229FD07100F51217 /* Products */ = {
			isa = PBXGroup;
			children = (
				5616F726229FD07100F51217 /* Green.app */,
				5616F73E229FD07400F51217 /* GreenTests.xctest */,
				5616F749229FD07400F51217 /* GreenUITests.xctest */,
			);
			name = Products;
			sourceTree = "<group>";
		};
		5616F728229FD07100F51217 /* Green */ = {
			isa = PBXGroup;
			children = (
				5616F729229FD07100F51217 /* AppDelegate.h */,
				5616F72A229FD07100F51217 /* AppDelegate.m */,
				5616F72F229FD07100F51217 /* Main.storyboard */,
				5616F732229FD07400F51217 /* Assets.xcassets */,
				5616F734229FD07400F51217 /* LaunchScreen.storyboard */,
				5616F737229FD07400F51217 /* Info.plist */,
				5616F738229FD07400F51217 /* main.m */,
			);
			path = Green;
			sourceTree = "<group>";
		};
		999170744741811C17298BB5 /* Pods */ = {
			isa = PBXGroup;
			children = (
				7B97352EA660CF65F698183A /* Pods-Live.debug.xcconfig */,
				F01AAA413EDC45D25C448162 /* Pods-Live.release.xcconfig */,
				18E8664729C56FB4D46B8971 /* Pods-Green.debug.xcconfig */,
				62810F686CB5E938C29BFA56 /* Pods-Green.release.xcconfig */,
			);
			path = Pods;
			sourceTree = "<group>";
		};
		B1300FFD953A1F2F64D361BC /* Frameworks */ = {
			isa = PBXGroup;
			children = (
				0B38F2C1CDA2B5993F76A776 /* libPods-Green.a */,
			);
			name = Frameworks;
			sourceTree = "<group>";
		};
/* End PBXGroup section */

/* Begin PBXNativeTarget section */
		5616F725229FD07100F51217 /* Green */ = {
			isa = PBXNativeTarget;
			buildConfigurationList = 5616F752229FD07400F51217 /* Build configuration list for PBXNativeTarget "Green" */;
			buildPhases = (
				911C083BF1B90BD7974FBEAF /* [CP] Check Pods Manifest.lock */,
				5616F722229FD07100F51217 /* Sources */,
				5616F723229FD07100F51217 /* Frameworks */,
				5616F724229FD07100F51217 /* Resources */,
				CE5B6E798A2ED3CE33765F33 /* [CP] Copy Pods Resources */,
			);
			buildRules = (
			);
			dependencies = (
			);
			name = Green;
			productName = Live;
			productReference = 5616F726229FD07100F51217 /* Green.app */;
			productType = "com.apple.product-type.application";
		};
		5616F73D229FD07400F51217 /* GreenTests */ = {
			isa = PBXNativeTarget;
			buildConfigurationList = 5616F755229FD07400F51217 /* Build configuration list for PBXNativeTarget "GreenTests" */;
			buildPhases = (
				5616F73A229FD07400F51217 /* Sources */,
				5616F73B229FD07400F51217 /* Frameworks */,
				5616F73C229FD07400F51217 /* Resources */,
			);
			buildRules = (
			);
			dependencies = (
				5616F740229FD07400F51217 /* PBXTargetDependency */,
			);
			name = GreenTests;
			productName = LiveTests;
			productReference = 5616F73E229FD07400F51217 /* GreenTests.xctest */;
			productType = "com.apple.product-type.bundle.unit-test";
		};
		5616F748229FD07400F51217 /* GreenUITests */ = {
			isa = PBXNativeTarget;
			buildConfigurationList = 5616F758229FD07400F51217 /* Build configuration list for PBXNativeTarget "GreenUITests" */;
			buildPhases = (
				5616F745229FD07400F51217 /* Sources */,
				5616F746229FD07400F51217 /* Frameworks */,
				5616F747229FD07400F51217 /* Resources */,
			);
			buildRules = (
			);
			dependencies = (
				5616F74B229FD07400F51217 /* PBXTargetDependency */,
			);
			name = GreenUITests;
			productName = LiveUITests;
			productReference = 5616F749229FD07400F51217 /* GreenUITests.xctest */;
			productType = "com.apple.product-type.bundle.ui-testing";
		};
/* End PBXNativeTarget section */

/* Begin PBXProject section */
		5616F71E229FD07100F51217 /* Project object */ = {
			isa = PBXProject;
			attributes = {
				LastUpgradeCheck = 1020;
				ORGANIZATIONNAME = "天空吸引我";
				TargetAttributes = {
					5616F725229FD07100F51217 = {
						CreatedOnToolsVersion = 10.2;
					};
					5616F73D229FD07400F51217 = {
						CreatedOnToolsVersion = 10.2;
						TestTargetID = 5616F725229FD07100F51217;
					};
					5616F748229FD07400F51217 = {
						CreatedOnToolsVersion = 10.2;
						TestTargetID = 5616F725229FD07100F51217;
					};
				};
			};
			buildConfigurationList = 5616F721229FD07100F51217 /* Build configuration list for PBXProject "Green" */;
			compatibilityVersion = "Xcode 9.3";
			developmentRegion = en;
			hasScannedForEncodings = 0;
			knownRegions = (
				en,
				Base,
			);
			mainGroup = 5616F71D229FD07100F51217;
			productRefGroup = 5616F727229FD07100F51217 /* Products */;
			projectDirPath = "";
			projectRoot = "";
			targets = (
				5616F725229FD07100F51217 /* Green */,
				5616F73D229FD07400F51217 /* GreenTests */,
				5616F748229FD07400F51217 /* GreenUITests */,
			);
		};
/* End PBXProject section */

/* Begin PBXResourcesBuildPhase section */
		5616F724229FD07100F51217 /* Resources */ = {
			isa = PBXResourcesBuildPhase;
			buildActionMask = 2147483647;
			files = (
				5616F736229FD07400F51217 /* LaunchScreen.storyboard in Resources */,
				5616F733229FD07400F51217 /* Assets.xcassets in Resources */,
				5616F731229FD07100F51217 /* Main.storyboard in Resources */,
			);
			runOnlyForDeploymentPostprocessing = 0;
		};
		5616F73C229FD07400F51217 /* Resources */ = {
			isa = PBXResourcesBuildPhase;
			buildActionMask = 2147483647;
			files = (
			);
			runOnlyForDeploymentPostprocessing = 0;
		};
		5616F747229FD07400F51217 /* Resources */ = {
			isa = PBXResourcesBuildPhase;
			buildActionMask = 2147483647;
			files = (
			);
			runOnlyForDeploymentPostprocessing = 0;
		};
/* End PBXResourcesBuildPhase section */

/* Begin PBXShellScriptBuildPhase section */
		911C083BF1B90BD7974FBEAF /* [CP] Check Pods Manifest.lock */ = {
			isa = PBXShellScriptBuildPhase;
			buildActionMask = 2147483647;
			files = (
			);
			inputFileListPaths = (
			);
			inputPaths = (
				"${PODS_PODFILE_DIR_PATH}/Podfile.lock",
				"${PODS_ROOT}/Manifest.lock",
			);
			name = "[CP] Check Pods Manifest.lock";
			outputFileListPaths = (
			);
			outputPaths = (
				"$(DERIVED_FILE_DIR)/Pods-Green-checkManifestLockResult.txt",
			);
			runOnlyForDeploymentPostprocessing = 0;
			shellPath = /bin/sh;
			shellScript = "diff \"${PODS_PODFILE_DIR_PATH}/Podfile.lock\" \"${PODS_ROOT}/Manifest.lock\" > /dev/null\nif [ $? != 0 ] ; then\n    # print error to STDERR\n    echo \"error: The sandbox is not in sync with the Podfile.lock. Run 'pod install' or update your CocoaPods installation.\" >&2\n    exit 1\nfi\n# This output is used by Xcode 'outputs' to avoid re-running this script phase.\necho \"SUCCESS\" > \"${SCRIPT_OUTPUT_FILE_0}\"\n";
			showEnvVarsInLog = 0;
		};
		CE5B6E798A2ED3CE33765F33 /* [CP] Copy Pods Resources */ = {
			isa = PBXShellScriptBuildPhase;
			buildActionMask = 2147483647;
			files = (
			);
			inputFileListPaths = (
				"${PODS_ROOT}/Target Support Files/Pods-Green/Pods-Green-resources-${CONFIGURATION}-input-files.xcfilelist",
			);
			name = "[CP] Copy Pods Resources";
			outputFileListPaths = (
				"${PODS_ROOT}/Target Support Files/Pods-Green/Pods-Green-resources-${CONFIGURATION}-output-files.xcfilelist",
			);
			runOnlyForDeploymentPostprocessing = 0;
			shellPath = /bin/sh;
			shellScript = "\"${PODS_ROOT}/Target Support Files/Pods-Green/Pods-Green-resources.sh\"\n";
			showEnvVarsInLog = 0;
		};
/* End PBXShellScriptBuildPhase section */

/* Begin PBXSourcesBuildPhase section */
		5616F722229FD07100F51217 /* Sources */ = {
			isa = PBXSourcesBuildPhase;
			buildActionMask = 2147483647;
			files = (
				5616F739229FD07400F51217 /* main.m in Sources */,
				5616F72B229FD07100F51217 /* AppDelegate.m in Sources */,
			);
			runOnlyForDeploymentPostprocessing = 0;
		};
		5616F73A229FD07400F51217 /* Sources */ = {
			isa = PBXSourcesBuildPhase;
			buildActionMask = 2147483647;
			files = (
			);
			runOnlyForDeploymentPostprocessing = 0;
		};
		5616F745229FD07400F51217 /* Sources */ = {
			isa = PBXSourcesBuildPhase;
			buildActionMask = 2147483647;
			files = (
			);
			runOnlyForDeploymentPostprocessing = 0;
		};
/* End PBXSourcesBuildPhase section */

/* Begin PBXTargetDependency section */
		5616F740229FD07400F51217 /* PBXTargetDependency */ = {
			isa = PBXTargetDependency;
			target = 5616F725229FD07100F51217 /* Green */;
			targetProxy = 5616F73F229FD07400F51217 /* PBXContainerItemProxy */;
		};
		5616F74B229FD07400F51217 /* PBXTargetDependency */ = {
			isa = PBXTargetDependency;
			target = 5616F725229FD07100F51217 /* Green */;
			targetProxy = 5616F74A229FD07400F51217 /* PBXContainerItemProxy */;
		};
/* End PBXTargetDependency section */

/* Begin PBXVariantGroup section */
		5616F72F229FD07100F51217 /* Main.storyboard */ = {
			isa = PBXVariantGroup;
			children = (
				5616F730229FD07100F51217 /* Base */,
			);
			name = Main.storyboard;
			sourceTree = "<group>";
		};
		5616F734229FD07400F51217 /* LaunchScreen.storyboard */ = {
			isa = PBXVariantGroup;
			children = (
				5616F735229FD07400F51217 /* Base */,
			);
			name = LaunchScreen.storyboard;
			sourceTree = "<group>";
		};
/* End PBXVariantGroup section */

/* Begin XCBuildConfiguration section */
		5616F750229FD07400F51217 /* Debug */ = {
			isa = XCBuildConfiguration;
			buildSettings = {
				ALWAYS_SEARCH_USER_PATHS = NO;
				CLANG_ANALYZER_NONNULL = YES;
				CLANG_ANALYZER_NUMBER_OBJECT_CONVERSION = YES_AGGRESSIVE;
				CLANG_CXX_LANGUAGE_STANDARD = "gnu++14";
				CLANG_CXX_LIBRARY = "libc++";
				CLANG_ENABLE_MODULES = YES;
				CLANG_ENABLE_OBJC_ARC = YES;
				CLANG_ENABLE_OBJC_WEAK = YES;
				CLANG_WARN_BLOCK_CAPTURE_AUTORELEASING = YES;
				CLANG_WARN_BOOL_CONVERSION = YES;
				CLANG_WARN_COMMA = YES;
				CLANG_WARN_CONSTANT_CONVERSION = YES;
				CLANG_WARN_DEPRECATED_OBJC_IMPLEMENTATIONS = YES;
				CLANG_WARN_DIRECT_OBJC_ISA_USAGE = YES_ERROR;
				CLANG_WARN_DOCUMENTATION_COMMENTS = YES;
				CLANG_WARN_EMPTY_BODY = YES;
				CLANG_WARN_ENUM_CONVERSION = YES;
				CLANG_WARN_INFINITE_RECURSION = YES;
				CLANG_WARN_INT_CONVERSION = YES;
				CLANG_WARN_NON_LITERAL_NULL_CONVERSION = YES;
				CLANG_WARN_OBJC_IMPLICIT_RETAIN_SELF = YES;
				CLANG_WARN_OBJC_LITERAL_CONVERSION = YES;
				CLANG_WARN_OBJC_ROOT_CLASS = YES_ERROR;
				CLANG_WARN_RANGE_LOOP_ANALYSIS = YES;
				CLANG_WARN_STRICT_PROTOTYPES = YES;
				CLANG_WARN_SUSPICIOUS_MOVE = YES;
				CLANG_WARN_UNGUARDED_AVAILABILITY = YES_AGGRESSIVE;
				CLANG_WARN_UNREACHABLE_CODE = YES;
				CLANG_WARN__DUPLICATE_METHOD_MATCH = YES;
				CODE_SIGN_IDENTITY = "iPhone Developer";
				COPY_PHASE_STRIP = NO;
				DEBUG_INFORMATION_FORMAT = dwarf;
				ENABLE_STRICT_OBJC_MSGSEND = YES;
				ENABLE_TESTABILITY = YES;
				GCC_C_LANGUAGE_STANDARD = gnu11;
				GCC_DYNAMIC_NO_PIC = NO;
				GCC_NO_COMMON_BLOCKS = YES;
				GCC_OPTIMIZATION_LEVEL = 0;
				GCC_PREPROCESSOR_DEFINITIONS = (
					"DEBUG=1",
					"$(inherited)",
				);
				GCC_WARN_64_TO_32_BIT_CONVERSION = YES;
				GCC_WARN_ABOUT_RETURN_TYPE = YES_ERROR;
				GCC_WARN_UNDECLARED_SELECTOR = YES;
				GCC_WARN_UNINITIALIZED_AUTOS = YES_AGGRESSIVE;
				GCC_WARN_UNUSED_FUNCTION = YES;
				GCC_WARN_UNUSED_VARIABLE = YES;
				IPHONEOS_DEPLOYMENT_TARGET = 12.2;
				MTL_ENABLE_DEBUG_INFO = INCLUDE_SOURCE;
				MTL_FAST_MATH = YES;
				ONLY_ACTIVE_ARCH = YES;
				SDKROOT = iphoneos;
			};
			name = Debug;
		};
		5616F751229FD07400F51217 /* Release */ = {
			isa = XCBuildConfiguration;
			buildSettings = {
				ALWAYS_SEARCH_USER_PATHS = NO;
				CLANG_ANALYZER_NONNULL = YES;
				CLANG_ANALYZER_NUMBER_OBJECT_CONVERSION = YES_AGGRESSIVE;
				CLANG_CXX_LANGUAGE_STANDARD = "gnu++14";
				CLANG_CXX_LIBRARY = "libc++";
				CLANG_ENABLE_MODULES = YES;
				CLANG_ENABLE_OBJC_ARC = YES;
				CLANG_ENABLE_OBJC_WEAK = YES;
				CLANG_WARN_BLOCK_CAPTURE_AUTORELEASING = YES;
				CLANG_WARN_BOOL_CONVERSION = YES;
				CLANG_WARN_COMMA = YES;
				CLANG_WARN_CONSTANT_CONVERSION = YES;
				CLANG_WARN_DEPRECATED_OBJC_IMPLEMENTATIONS = YES;
				CLANG_WARN_DIRECT_OBJC_ISA_USAGE = YES_ERROR;
				CLANG_WARN_DOCUMENTATION_COMMENTS = YES;
				CLANG_WARN_EMPTY_BODY = YES;
				CLANG_WARN_ENUM_CONVERSION = YES;
				CLANG_WARN_INFINITE_RECURSION = YES;
				CLANG_WARN_INT_CONVERSION = YES;
				CLANG_WARN_NON_LITERAL_NULL_CONVERSION = YES;
				CLANG_WARN_OBJC_IMPLICIT_RETAIN_SELF = YES;
				CLANG_WARN_OBJC_LITERAL_CONVERSION = YES;
				CLANG_WARN_OBJC_ROOT_CLASS = YES_ERROR;
				CLANG_WARN_RANGE_LOOP_ANALYSIS = YES;
				CLANG_WARN_STRICT_PROTOTYPES = YES;
				CLANG_WARN_SUSPICIOUS_MOVE = YES;
				CLANG_WARN_UNGUARDED_AVAILABILITY = YES_AGGRESSIVE;
				CLANG_WARN_UNREACHABLE_CODE = YES;
				CLANG_WARN__DUPLICATE_METHOD_MATCH = YES;
				CODE_SIGN_IDENTITY = "iPhone Developer";
				COPY_PHASE_STRIP = NO;
				DEBUG_INFORMATION_FORMAT = "dwarf-with-dsym";
				ENABLE_NS_ASSERTIONS = NO;
				ENABLE_STRICT_OBJC_MSGSEND = YES;
				GCC_C_LANGUAGE_STANDARD = gnu11;
				GCC_NO_COMMON_BLOCKS = YES;
				GCC_WARN_64_TO_32_BIT_CONVERSION = YES;
				GCC_WARN_ABOUT_RETURN_TYPE = YES_ERROR;
				GCC_WARN_UNDECLARED_SELECTOR = YES;
				GCC_WARN_UNINITIALIZED_AUTOS = YES_AGGRESSIVE;
				GCC_WARN_UNUSED_FUNCTION = YES;
				GCC_WARN_UNUSED_VARIABLE = YES;
				IPHONEOS_DEPLOYMENT_TARGET = 12.2;
				MTL_ENABLE_DEBUG_INFO = NO;
				MTL_FAST_MATH = YES;
				SDKROOT = iphoneos;
				VALIDATE_PRODUCT = YES;
			};
			name = Release;
		};
		5616F753229FD07400F51217 /* Debug */ = {
			isa = XCBuildConfiguration;
			baseConfigurationReference = 18E8664729C56FB4D46B8971 /* Pods-Green.debug.xcconfig */;
			buildSettings = {
				ASSETCATALOG_COMPILER_APPICON_NAME = AppIcon;
				CODE_SIGN_STYLE = Automatic;
				DEVELOPMENT_TEAM = 4BBF93KUYD;
				INFOPLIST_FILE = "$(SRCROOT)/Green/Info.plist";
				IPHONEOS_DEPLOYMENT_TARGET = 9.0;
				LD_RUNPATH_SEARCH_PATHS = (
					"$(inherited)",
					"@executable_path/Frameworks",
				);
				PRODUCT_BUNDLE_IDENTIFIER = "-028002516.Green";
				PRODUCT_NAME = "$(TARGET_NAME)";
				TARGETED_DEVICE_FAMILY = "1,2";
			};
			name = Debug;
		};
		5616F754229FD07400F51217 /* Release */ = {
			isa = XCBuildConfiguration;
			baseConfigurationReference = 62810F686CB5E938C29BFA56 /* Pods-Green.release.xcconfig */;
			buildSettings = {
				ASSETCATALOG_COMPILER_APPICON_NAME = AppIcon;
				CODE_SIGN_STYLE = Automatic;
				DEVELOPMENT_TEAM = 4BBF93KUYD;
				INFOPLIST_FILE = "$(SRCROOT)/Green/Info.plist";
				IPHONEOS_DEPLOYMENT_TARGET = 9.0;
				LD_RUNPATH_SEARCH_PATHS = (
					"$(inherited)",
					"@executable_path/Frameworks",
				);
				PRODUCT_BUNDLE_IDENTIFIER = "-028002516.Green";
				PRODUCT_NAME = "$(TARGET_NAME)";
				TARGETED_DEVICE_FAMILY = "1,2";
			};
			name = Release;
		};
		5616F756229FD07400F51217 /* Debug */ = {
			isa = XCBuildConfiguration;
			buildSettings = {
				BUNDLE_LOADER = "$(TEST_HOST)";
				CODE_SIGN_STYLE = Automatic;
				INFOPLIST_FILE = GreenTests/Info.plist;
				LD_RUNPATH_SEARCH_PATHS = (
					"$(inherited)",
					"@executable_path/Frameworks",
					"@loader_path/Frameworks",
				);
				PRODUCT_BUNDLE_IDENTIFIER = "-028002516.GreenTests";
				PRODUCT_NAME = "$(TARGET_NAME)";
				TARGETED_DEVICE_FAMILY = "1,2";
				TEST_HOST = "$(BUILT_PRODUCTS_DIR)/Green.app/Green";
			};
			name = Debug;
		};
		5616F757229FD07400F51217 /* Release */ = {
			isa = XCBuildConfiguration;
			buildSettings = {
				BUNDLE_LOADER = "$(TEST_HOST)";
				CODE_SIGN_STYLE = Automatic;
				INFOPLIST_FILE = GreenTests/Info.plist;
				LD_RUNPATH_SEARCH_PATHS = (
					"$(inherited)",
					"@executable_path/Frameworks",
					"@loader_path/Frameworks",
				);
				PRODUCT_BUNDLE_IDENTIFIER = "-028002516.GreenTests";
				PRODUCT_NAME = "$(TARGET_NAME)";
				TARGETED_DEVICE_FAMILY = "1,2";
				TEST_HOST = "$(BUILT_PRODUCTS_DIR)/Green.app/Green";
			};
			name = Release;
		};
		5616F759229FD07400F51217 /* Debug */ = {
			isa = XCBuildConfiguration;
			buildSettings = {
				CODE_SIGN_STYLE = Automatic;
				INFOPLIST_FILE = GreenUITests/Info.plist;
				LD_RUNPATH_SEARCH_PATHS = (
					"$(inherited)",
					"@executable_path/Frameworks",
					"@loader_path/Frameworks",
				);
				PRODUCT_BUNDLE_IDENTIFIER = "-028002516.GreenUITests";
				PRODUCT_NAME = "$(TARGET_NAME)";
				TARGETED_DEVICE_FAMILY = "1,2";
				TEST_TARGET_NAME = Green;
			};
			name = Debug;
		};
		5616F75A229FD07400F51217 /* Release */ = {
			isa = XCBuildConfiguration;
			buildSettings = {
				CODE_SIGN_STYLE = Automatic;
				INFOPLIST_FILE = GreenUITests/Info.plist;
				LD_RUNPATH_SEARCH_PATHS = (
					"$(inherited)",
					"@executable_path/Frameworks",
					"@loader_path/Frameworks",
				);
				PRODUCT_BUNDLE_IDENTIFIER = "-028002516.GreenUITests";
				PRODUCT_NAME = "$(TARGET_NAME)";
				TARGETED_DEVICE_FAMILY = "1,2";
				TEST_TARGET_NAME = Green;
			};
			name = Release;
		};
/* End XCBuildConfiguration section */

/* Begin XCConfigurationList section */
		5616F721229FD07100F51217 /* Build configuration list for PBXProject "Green" */ = {
			isa = XCConfigurationList;
			buildConfigurations = (
				5616F750229FD07400F51217 /* Debug */,
				5616F751229FD07400F51217 /* Release */,
			);
			defaultConfigurationIsVisible = 0;
			defaultConfigurationName = Release;
		};
		5616F752229FD07400F51217 /* Build configuration list for PBXNativeTarget "Green" */ = {
			isa = XCConfigurationList;
			buildConfigurations = (
				5616F753229FD07400F51217 /* Debug */,
				5616F754229FD07400F51217 /* Release */,
			);
			defaultConfigurationIsVisible = 0;
			defaultConfigurationName = Release;
		};
		5616F755229FD07400F51217 /* Build configuration list for PBXNativeTarget "GreenTests" */ = {
			isa = XCConfigurationList;
			buildConfigurations = (
				5616F756229FD07400F51217 /* Debug */,
				5616F757229FD07400F51217 /* Release */,
			);
			defaultConfigurationIsVisible = 0;
			defaultConfigurationName = Release;
		};
		5616F758229FD07400F51217 /* Build configuration list for PBXNativeTarget "GreenUITests" */ = {
			isa = XCConfigurationList;
			buildConfigurations = (
				5616F759229FD07400F51217 /* Debug */,
				5616F75A229FD07400F51217 /* Release */,
			);
			defaultConfigurationIsVisible = 0;
			defaultConfigurationName = Release;
		};
/* End XCConfigurationList section */
	};
	rootObject = 5616F71E229FD07100F51217 /* Project object */;
}
