// !$*UTF8*$!
{
	archiveVersion = 1;
	classes = {
	};
	objectVersion = 48;
	objects = {

/* Begin PBXBuildFile section */
		5616F719229FCE2B00F51217 /* ZJJNetwork.m in Sources */ = {isa = PBXBuildFile; fileRef = 5616F715229FCE2B00F51217 /* ZJJNetwork.m */; };
		5616F71A229FCE2B00F51217 /* ZJJApiManager.m in Sources */ = {isa = PBXBuildFile; fileRef = 5616F718229FCE2B00F51217 /* ZJJApiManager.m */; };
		5616F71C229FCE5700F51217 /* ZJJNetwork.podspec in Resources */ = {isa = PBXBuildFile; fileRef = 5616F71B229FCE5700F51217 /* ZJJNetwork.podspec */; };
		68759D8B1FE4B69500B4FEAD /* AppDelegate.m in Sources */ = {isa = PBXBuildFile; fileRef = 68759D8A1FE4B69500B4FEAD /* AppDelegate.m */; };
		68759D8E1FE4B69500B4FEAD /* ViewController.m in Sources */ = {isa = PBXBuildFile; fileRef = 68759D8D1FE4B69500B4FEAD /* ViewController.m */; };
		68759D911FE4B69500B4FEAD /* Main.storyboard in Resources */ = {isa = PBXBuildFile; fileRef = 68759D8F1FE4B69500B4FEAD /* Main.storyboard */; };
		68759D931FE4B69500B4FEAD /* Assets.xcassets in Resources */ = {isa = PBXBuildFile; fileRef = 68759D921FE4B69500B4FEAD /* Assets.xcassets */; };
		68759D961FE4B69500B4FEAD /* LaunchScreen.storyboard in Resources */ = {isa = PBXBuildFile; fileRef = 68759D941FE4B69500B4FEAD /* LaunchScreen.storyboard */; };
		68759D991FE4B69500B4FEAD /* main.m in Sources */ = {isa = PBXBuildFile; fileRef = 68759D981FE4B69500B4FEAD /* main.m */; };
		A3C838F7AD98DB4D2B59CE98 /* libPods-ZJJNetwork.a in Frameworks */ = {isa = PBXBuildFile; fileRef = D9B7055F0C5E1C1AFEAED509 /* libPods-ZJJNetwork.a */; };
/* End PBXBuildFile section */

/* Begin PBXFileReference section */
		32B8028BB61F4475D618F672 /* Pods-ZJJNetwork.release.xcconfig */ = {isa = PBXFileReference; includeInIndex = 1; lastKnownFileType = text.xcconfig; name = "Pods-ZJJNetwork.release.xcconfig"; path = "Target Support Files/Pods-ZJJNetwork/Pods-ZJJNetwork.release.xcconfig"; sourceTree = "<group>"; };
		5616F715229FCE2B00F51217 /* ZJJNetwork.m */ = {isa = PBXFileReference; fileEncoding = 4; lastKnownFileType = sourcecode.c.objc; path = ZJJNetwork.m; sourceTree = "<group>"; };
		5616F716229FCE2B00F51217 /* ZJJApiManager.h */ = {isa = PBXFileReference; fileEncoding = 4; lastKnownFileType = sourcecode.c.h; path = ZJJApiManager.h; sourceTree = "<group>"; };
		5616F717229FCE2B00F51217 /* ZJJNetwork.h */ = {isa = PBXFileReference; fileEncoding = 4; lastKnownFileType = sourcecode.c.h; path = ZJJNetwork.h; sourceTree = "<group>"; };
		5616F718229FCE2B00F51217 /* ZJJApiManager.m */ = {isa = PBXFileReference; fileEncoding = 4; lastKnownFileType = sourcecode.c.objc; path = ZJJApiManager.m; sourceTree = "<group>"; };
		5616F71B229FCE5700F51217 /* ZJJNetwork.podspec */ = {isa = PBXFileReference; fileEncoding = 4; lastKnownFileType = text; path = ZJJNetwork.podspec; sourceTree = "<group>"; };
		68759D861FE4B69500B4FEAD /* ZJJNetwork.app */ = {isa = PBXFileReference; explicitFileType = wrapper.application; includeInIndex = 0; path = ZJJNetwork.app; sourceTree = BUILT_PRODUCTS_DIR; };
		68759D891FE4B69500B4FEAD /* AppDelegate.h */ = {isa = PBXFileReference; lastKnownFileType = sourcecode.c.h; path = AppDelegate.h; sourceTree = "<group>"; };
		68759D8A1FE4B69500B4FEAD /* AppDelegate.m */ = {isa = PBXFileReference; lastKnownFileType = sourcecode.c.objc; path = AppDelegate.m; sourceTree = "<group>"; };
		68759D8C1FE4B69500B4FEAD /* ViewController.h */ = {isa = PBXFileReference; lastKnownFileType = sourcecode.c.h; path = ViewController.h; sourceTree = "<group>"; };
		68759D8D1FE4B69500B4FEAD /* ViewController.m */ = {isa = PBXFileReference; lastKnownFileType = sourcecode.c.objc; path = ViewController.m; sourceTree = "<group>"; };
		68759D901FE4B69500B4FEAD /* Base */ = {isa = PBXFileReference; lastKnownFileType = file.storyboard; name = Base; path = Base.lproj/Main.storyboard; sourceTree = "<group>"; };
		68759D921FE4B69500B4FEAD /* Assets.xcassets */ = {isa = PBXFileReference; lastKnownFileType = folder.assetcatalog; path = Assets.xcassets; sourceTree = "<group>"; };
		68759D951FE4B69500B4FEAD /* Base */ = {isa = PBXFileReference; lastKnownFileType = file.storyboard; name = Base; path = Base.lproj/LaunchScreen.storyboard; sourceTree = "<group>"; };
		68759D971FE4B69500B4FEAD /* Info.plist */ = {isa = PBXFileReference; lastKnownFileType = text.plist.xml; path = Info.plist; sourceTree = "<group>"; };
		68759D981FE4B69500B4FEAD /* main.m */ = {isa = PBXFileReference; lastKnownFileType = sourcecode.c.objc; path = main.m; sourceTree = "<group>"; };
		C8BFC30A2FB81FE8FF890D1E /* Pods-ZJJNetwork.debug.xcconfig */ = {isa = PBXFileReference; includeInIndex = 1; lastKnownFileType = text.xcconfig; name = "Pods-ZJJNetwork.debug.xcconfig"; path = "Target Support Files/Pods-ZJJNetwork/Pods-ZJJNetwork.debug.xcconfig"; sourceTree = "<group>"; };
		D9B7055F0C5E1C1AFEAED509 /* libPods-ZJJNetwork.a */ = {isa = PBXFileReference; explicitFileType = archive.ar; includeInIndex = 0; path = "libPods-ZJJNetwork.a"; sourceTree = BUILT_PRODUCTS_DIR; };
/* End PBXFileReference section */

/* Begin PBXFrameworksBuildPhase section */
		68759D831FE4B69500B4FEAD /* Frameworks */ = {
			isa = PBXFrameworksBuildPhase;
			buildActionMask = 2147483647;
			files = (
				A3C838F7AD98DB4D2B59CE98 /* libPods-ZJJNetwork.a in Frameworks */,
			);
			runOnlyForDeploymentPostprocessing = 0;
		};
/* End PBXFrameworksBuildPhase section */

/* Begin PBXGroup section */
		5616F70A229FB17900F51217 /* ZJJNetwork */ = {
			isa = PBXGroup;
			children = (
				5616F71B229FCE5700F51217 /* ZJJNetwork.podspec */,
				5616F714229FCE2B00F51217 /* Core */,
			);
			path = ZJJNetwork;
			sourceTree = "<group>";
		};
		5616F714229FCE2B00F51217 /* Core */ = {
			isa = PBXGroup;
			children = (
				5616F715229FCE2B00F51217 /* ZJJNetwork.m */,
				5616F716229FCE2B00F51217 /* ZJJApiManager.h */,
				5616F717229FCE2B00F51217 /* ZJJNetwork.h */,
				5616F718229FCE2B00F51217 /* ZJJApiManager.m */,
			);
			path = Core;
			sourceTree = "<group>";
		};
		68759D7D1FE4B69500B4FEAD = {
			isa = PBXGroup;
			children = (
				68759D881FE4B69500B4FEAD /* ZJJNetwork */,
				68759D871FE4B69500B4FEAD /* Products */,
				7B864357ED0206ED605E1236 /* Pods */,
				81CB391568DD1219F82004BD /* Frameworks */,
			);
			sourceTree = "<group>";
		};
		68759D871FE4B69500B4FEAD /* Products */ = {
			isa = PBXGroup;
			children = (
				68759D861FE4B69500B4FEAD /* ZJJNetwork.app */,
			);
			name = Products;
			sourceTree = "<group>";
		};
		68759D881FE4B69500B4FEAD /* ZJJNetwork */ = {
			isa = PBXGroup;
			children = (
				5616F70A229FB17900F51217 /* ZJJNetwork */,
				68759D891FE4B69500B4FEAD /* AppDelegate.h */,
				68759D8A1FE4B69500B4FEAD /* AppDelegate.m */,
				68759D8C1FE4B69500B4FEAD /* ViewController.h */,
				68759D8D1FE4B69500B4FEAD /* ViewController.m */,
				68759D8F1FE4B69500B4FEAD /* Main.storyboard */,
				68759D921FE4B69500B4FEAD /* Assets.xcassets */,
				68759D941FE4B69500B4FEAD /* LaunchScreen.storyboard */,
				68759D971FE4B69500B4FEAD /* Info.plist */,
				68759D981FE4B69500B4FEAD /* main.m */,
			);
			path = ZJJNetwork;
			sourceTree = "<group>";
		};
		7B864357ED0206ED605E1236 /* Pods */ = {
			isa = PBXGroup;
			children = (
				C8BFC30A2FB81FE8FF890D1E /* Pods-ZJJNetwork.debug.xcconfig */,
				32B8028BB61F4475D618F672 /* Pods-ZJJNetwork.release.xcconfig */,
			);
			path = Pods;
			sourceTree = "<group>";
		};
		81CB391568DD1219F82004BD /* Frameworks */ = {
			isa = PBXGroup;
			children = (
				D9B7055F0C5E1C1AFEAED509 /* libPods-ZJJNetwork.a */,
			);
			name = Frameworks;
			sourceTree = "<group>";
		};
/* End PBXGroup section */

/* Begin PBXNativeTarget section */
		68759D851FE4B69500B4FEAD /* ZJJNetwork */ = {
			isa = PBXNativeTarget;
			buildConfigurationList = 68759D9C1FE4B69500B4FEAD /* Build configuration list for PBXNativeTarget "ZJJNetwork" */;
			buildPhases = (
				40C1F4E91233D86C5683EB3F /* [CP] Check Pods Manifest.lock */,
				68759D821FE4B69500B4FEAD /* Sources */,
				68759D831FE4B69500B4FEAD /* Frameworks */,
				68759D841FE4B69500B4FEAD /* Resources */,
			);
			buildRules = (
			);
			dependencies = (
			);
			name = ZJJNetwork;
			productName = ZJJNetWork;
			productReference = 68759D861FE4B69500B4FEAD /* ZJJNetwork.app */;
			productType = "com.apple.product-type.application";
		};
/* End PBXNativeTarget section */

/* Begin PBXProject section */
		68759D7E1FE4B69500B4FEAD /* Project object */ = {
			isa = PBXProject;
			attributes = {
				LastUpgradeCheck = 1020;
				ORGANIZATIONNAME = ZJJ;
				TargetAttributes = {
					68759D851FE4B69500B4FEAD = {
						CreatedOnToolsVersion = 9.0;
						ProvisioningStyle = Automatic;
					};
				};
			};
			buildConfigurationList = 68759D811FE4B69500B4FEAD /* Build configuration list for PBXProject "ZJJNetwork" */;
			compatibilityVersion = "Xcode 8.0";
			developmentRegion = en;
			hasScannedForEncodings = 0;
			knownRegions = (
				en,
				Base,
			);
			mainGroup = 68759D7D1FE4B69500B4FEAD;
			productRefGroup = 68759D871FE4B69500B4FEAD /* Products */;
			projectDirPath = "";
			projectRoot = "";
			targets = (
				68759D851FE4B69500B4FEAD /* ZJJNetwork */,
			);
		};
/* End PBXProject section */

/* Begin PBXResourcesBuildPhase section */
		68759D841FE4B69500B4FEAD /* Resources */ = {
			isa = PBXResourcesBuildPhase;
			buildActionMask = 2147483647;
			files = (
				68759D961FE4B69500B4FEAD /* LaunchScreen.storyboard in Resources */,
				68759D931FE4B69500B4FEAD /* Assets.xcassets in Resources */,
				5616F71C229FCE5700F51217 /* ZJJNetwork.podspec in Resources */,
				68759D911FE4B69500B4FEAD /* Main.storyboard in Resources */,
			);
			runOnlyForDeploymentPostprocessing = 0;
		};
/* End PBXResourcesBuildPhase section */

/* Begin PBXShellScriptBuildPhase section */
		40C1F4E91233D86C5683EB3F /* [CP] Check Pods Manifest.lock */ = {
			isa = PBXShellScriptBuildPhase;
			buildActionMask = 2147483647;
			files = (
			);
			inputFileListPaths = (
			);
			inputPaths = (
				"${PODS_PODFILE_DIR_PATH}/Podfile.lock",
				"${PODS_ROOT}/Manifest.lock",
			);
			name = "[CP] Check Pods Manifest.lock";
			outputFileListPaths = (
			);
			outputPaths = (
				"$(DERIVED_FILE_DIR)/Pods-ZJJNetwork-checkManifestLockResult.txt",
			);
			runOnlyForDeploymentPostprocessing = 0;
			shellPath = /bin/sh;
			shellScript = "diff \"${PODS_PODFILE_DIR_PATH}/Podfile.lock\" \"${PODS_ROOT}/Manifest.lock\" > /dev/null\nif [ $? != 0 ] ; then\n    # print error to STDERR\n    echo \"error: The sandbox is not in sync with the Podfile.lock. Run 'pod install' or update your CocoaPods installation.\" >&2\n    exit 1\nfi\n# This output is used by Xcode 'outputs' to avoid re-running this script phase.\necho \"SUCCESS\" > \"${SCRIPT_OUTPUT_FILE_0}\"\n";
			showEnvVarsInLog = 0;
		};
/* End PBXShellScriptBuildPhase section */

/* Begin PBXSourcesBuildPhase section */
		68759D821FE4B69500B4FEAD /* Sources */ = {
			isa = PBXSourcesBuildPhase;
			buildActionMask = 2147483647;
			files = (
				68759D8E1FE4B69500B4FEAD /* ViewController.m in Sources */,
				68759D991FE4B69500B4FEAD /* main.m in Sources */,
				68759D8B1FE4B69500B4FEAD /* AppDelegate.m in Sources */,
				5616F71A229FCE2B00F51217 /* ZJJApiManager.m in Sources */,
				5616F719229FCE2B00F51217 /* ZJJNetwork.m in Sources */,
			);
			runOnlyForDeploymentPostprocessing = 0;
		};
/* End PBXSourcesBuildPhase section */

/* Begin PBXVariantGroup section */
		68759D8F1FE4B69500B4FEAD /* Main.storyboard */ = {
			isa = PBXVariantGroup;
			children = (
				68759D901FE4B69500B4FEAD /* Base */,
			);
			name = Main.storyboard;
			sourceTree = "<group>";
		};
		68759D941FE4B69500B4FEAD /* LaunchScreen.storyboard */ = {
			isa = PBXVariantGroup;
			children = (
				68759D951FE4B69500B4FEAD /* Base */,
			);
			name = LaunchScreen.storyboard;
			sourceTree = "<group>";
		};
/* End PBXVariantGroup section */

/* Begin XCBuildConfiguration section */
		68759D9A1FE4B69500B4FEAD /* Debug */ = {
			isa = XCBuildConfiguration;
			buildSettings = {
				ALWAYS_SEARCH_USER_PATHS = NO;
				CLANG_ANALYZER_NONNULL = YES;
				CLANG_ANALYZER_NUMBER_OBJECT_CONVERSION = YES_AGGRESSIVE;
				CLANG_CXX_LANGUAGE_STANDARD = "gnu++14";
				CLANG_CXX_LIBRARY = "libc++";
				CLANG_ENABLE_MODULES = YES;
				CLANG_ENABLE_OBJC_ARC = YES;
				CLANG_WARN_BLOCK_CAPTURE_AUTORELEASING = YES;
				CLANG_WARN_BOOL_CONVERSION = YES;
				CLANG_WARN_COMMA = YES;
				CLANG_WARN_CONSTANT_CONVERSION = YES;
				CLANG_WARN_DEPRECATED_OBJC_IMPLEMENTATIONS = YES;
				CLANG_WARN_DIRECT_OBJC_ISA_USAGE = YES_ERROR;
				CLANG_WARN_DOCUMENTATION_COMMENTS = YES;
				CLANG_WARN_EMPTY_BODY = YES;
				CLANG_WARN_ENUM_CONVERSION = YES;
				CLANG_WARN_INFINITE_RECURSION = YES;
				CLANG_WARN_INT_CONVERSION = YES;
				CLANG_WARN_NON_LITERAL_NULL_CONVERSION = YES;
				CLANG_WARN_OBJC_IMPLICIT_RETAIN_SELF = YES;
				CLANG_WARN_OBJC_LITERAL_CONVERSION = YES;
				CLANG_WARN_OBJC_ROOT_CLASS = YES_ERROR;
				CLANG_WARN_RANGE_LOOP_ANALYSIS = YES;
				CLANG_WARN_STRICT_PROTOTYPES = YES;
				CLANG_WARN_SUSPICIOUS_MOVE = YES;
				CLANG_WARN_UNGUARDED_AVAILABILITY = YES_AGGRESSIVE;
				CLANG_WARN_UNREACHABLE_CODE = YES;
				CLANG_WARN__DUPLICATE_METHOD_MATCH = YES;
				CODE_SIGN_IDENTITY = "iPhone Developer";
				COPY_PHASE_STRIP = NO;
				DEBUG_INFORMATION_FORMAT = dwarf;
				ENABLE_STRICT_OBJC_MSGSEND = YES;
				ENABLE_TESTABILITY = YES;
				GCC_C_LANGUAGE_STANDARD = gnu11;
				GCC_DYNAMIC_NO_PIC = NO;
				GCC_NO_COMMON_BLOCKS = YES;
				GCC_OPTIMIZATION_LEVEL = 0;
				GCC_PREPROCESSOR_DEFINITIONS = (
					"DEBUG=1",
					"$(inherited)",
				);
				GCC_WARN_64_TO_32_BIT_CONVERSION = YES;
				GCC_WARN_ABOUT_RETURN_TYPE = YES_ERROR;
				GCC_WARN_UNDECLARED_SELECTOR = YES;
				GCC_WARN_UNINITIALIZED_AUTOS = YES_AGGRESSIVE;
				GCC_WARN_UNUSED_FUNCTION = YES;
				GCC_WARN_UNUSED_VARIABLE = YES;
				IPHONEOS_DEPLOYMENT_TARGET = 9.0;
				MTL_ENABLE_DEBUG_INFO = YES;
				ONLY_ACTIVE_ARCH = YES;
				SDKROOT = iphoneos;
			};
			name = Debug;
		};
		68759D9B1FE4B69500B4FEAD /* Release */ = {
			isa = XCBuildConfiguration;
			buildSettings = {
				ALWAYS_SEARCH_USER_PATHS = NO;
				CLANG_ANALYZER_NONNULL = YES;
				CLANG_ANALYZER_NUMBER_OBJECT_CONVERSION = YES_AGGRESSIVE;
				CLANG_CXX_LANGUAGE_STANDARD = "gnu++14";
				CLANG_CXX_LIBRARY = "libc++";
				CLANG_ENABLE_MODULES = YES;
				CLANG_ENABLE_OBJC_ARC = YES;
				CLANG_WARN_BLOCK_CAPTURE_AUTORELEASING = YES;
				CLANG_WARN_BOOL_CONVERSION = YES;
				CLANG_WARN_COMMA = YES;
				CLANG_WARN_CONSTANT_CONVERSION = YES;
				CLANG_WARN_DEPRECATED_OBJC_IMPLEMENTATIONS = YES;
				CLANG_WARN_DIRECT_OBJC_ISA_USAGE = YES_ERROR;
				CLANG_WARN_DOCUMENTATION_COMMENTS = YES;
				CLANG_WARN_EMPTY_BODY = YES;
				CLANG_WARN_ENUM_CONVERSION = YES;
				CLANG_WARN_INFINITE_RECURSION = YES;
				CLANG_WARN_INT_CONVERSION = YES;
				CLANG_WARN_NON_LITERAL_NULL_CONVERSION = YES;
				CLANG_WARN_OBJC_IMPLICIT_RETAIN_SELF = YES;
				CLANG_WARN_OBJC_LITERAL_CONVERSION = YES;
				CLANG_WARN_OBJC_ROOT_CLASS = YES_ERROR;
				CLANG_WARN_RANGE_LOOP_ANALYSIS = YES;
				CLANG_WARN_STRICT_PROTOTYPES = YES;
				CLANG_WARN_SUSPICIOUS_MOVE = YES;
				CLANG_WARN_UNGUARDED_AVAILABILITY = YES_AGGRESSIVE;
				CLANG_WARN_UNREACHABLE_CODE = YES;
				CLANG_WARN__DUPLICATE_METHOD_MATCH = YES;
				CODE_SIGN_IDENTITY = "iPhone Developer";
				COPY_PHASE_STRIP = NO;
				DEBUG_INFORMATION_FORMAT = "dwarf-with-dsym";
				ENABLE_NS_ASSERTIONS = NO;
				ENABLE_STRICT_OBJC_MSGSEND = YES;
				GCC_C_LANGUAGE_STANDARD = gnu11;
				GCC_NO_COMMON_BLOCKS = YES;
				GCC_WARN_64_TO_32_BIT_CONVERSION = YES;
				GCC_WARN_ABOUT_RETURN_TYPE = YES_ERROR;
				GCC_WARN_UNDECLARED_SELECTOR = YES;
				GCC_WARN_UNINITIALIZED_AUTOS = YES_AGGRESSIVE;
				GCC_WARN_UNUSED_FUNCTION = YES;
				GCC_WARN_UNUSED_VARIABLE = YES;
				IPHONEOS_DEPLOYMENT_TARGET = 9.0;
				MTL_ENABLE_DEBUG_INFO = NO;
				SDKROOT = iphoneos;
				VALIDATE_PRODUCT = YES;
			};
			name = Release;
		};
		68759D9D1FE4B69500B4FEAD /* Debug */ = {
			isa = XCBuildConfiguration;
			baseConfigurationReference = C8BFC30A2FB81FE8FF890D1E /* Pods-ZJJNetwork.debug.xcconfig */;
			buildSettings = {
				ASSETCATALOG_COMPILER_APPICON_NAME = AppIcon;
				CODE_SIGN_STYLE = Automatic;
				DEVELOPMENT_TEAM = 4BBF93KUYD;
				INFOPLIST_FILE = ZJJNetwork/Info.plist;
				IPHONEOS_DEPLOYMENT_TARGET = 9.0;
				LD_RUNPATH_SEARCH_PATHS = "$(inherited) @executable_path/Frameworks";
				PRODUCT_BUNDLE_IDENTIFIER = ZJJ.ZJJNetwork;
				PRODUCT_NAME = ZJJNetwork;
				TARGETED_DEVICE_FAMILY = "1,2";
			};
			name = Debug;
		};
		68759D9E1FE4B69500B4FEAD /* Release */ = {
			isa = XCBuildConfiguration;
			baseConfigurationReference = 32B8028BB61F4475D618F672 /* Pods-ZJJNetwork.release.xcconfig */;
			buildSettings = {
				ASSETCATALOG_COMPILER_APPICON_NAME = AppIcon;
				CODE_SIGN_STYLE = Automatic;
				DEVELOPMENT_TEAM = 4BBF93KUYD;
				INFOPLIST_FILE = ZJJNetwork/Info.plist;
				IPHONEOS_DEPLOYMENT_TARGET = 9.0;
				LD_RUNPATH_SEARCH_PATHS = "$(inherited) @executable_path/Frameworks";
				PRODUCT_BUNDLE_IDENTIFIER = ZJJ.ZJJNetwork;
				PRODUCT_NAME = ZJJNetwork;
				TARGETED_DEVICE_FAMILY = "1,2";
			};
			name = Release;
		};
/* End XCBuildConfiguration section */

/* Begin XCConfigurationList section */
		68759D811FE4B69500B4FEAD /* Build configuration list for PBXProject "ZJJNetwork" */ = {
			isa = XCConfigurationList;
			buildConfigurations = (
				68759D9A1FE4B69500B4FEAD /* Debug */,
				68759D9B1FE4B69500B4FEAD /* Release */,
			);
			defaultConfigurationIsVisible = 0;
			defaultConfigurationName = Release;
		};
		68759D9C1FE4B69500B4FEAD /* Build configuration list for PBXNativeTarget "ZJJNetwork" */ = {
			isa = XCConfigurationList;
			buildConfigurations = (
				68759D9D1FE4B69500B4FEAD /* Debug */,
				68759D9E1FE4B69500B4FEAD /* Release */,
			);
			defaultConfigurationIsVisible = 0;
			defaultConfigurationName = Release;
		};
/* End XCConfigurationList section */
	};
	rootObject = 68759D7E1FE4B69500B4FEAD /* Project object */;
}
